// !$*UTF8*$!
{
	archiveVersion = 1;
	classes = {
	};
	objectVersion = 55;
	objects = {

/* Begin PBXBuildFile section */
		363BC12029799F7600406FB8 /* CurrencyListSectionView.swift in Sources */ = {isa = PBXBuildFile; fileRef = 363BC11F29799F7600406FB8 /* CurrencyListSectionView.swift */; };
		363BC12B297AC70600406FB8 /* ReachabilityService.swift in Sources */ = {isa = PBXBuildFile; fileRef = 363BC12A297AC70600406FB8 /* ReachabilityService.swift */; };
		363BC137297C7D7F00406FB8 /* ComponentPickerView.swift in Sources */ = {isa = PBXBuildFile; fileRef = 363BC136297C7D7F00406FB8 /* ComponentPickerView.swift */; };
		363BC139297C800F00406FB8 /* AddCurrencyView.swift in Sources */ = {isa = PBXBuildFile; fileRef = 363BC138297C800F00406FB8 /* AddCurrencyView.swift */; };
		365B1C492978576400BFF05D /* AddCurrencyViewController.swift in Sources */ = {isa = PBXBuildFile; fileRef = 365B1C482978576400BFF05D /* AddCurrencyViewController.swift */; };
		365B1C4B2978579C00BFF05D /* AddCurrencyRouter.swift in Sources */ = {isa = PBXBuildFile; fileRef = 365B1C4A2978579C00BFF05D /* AddCurrencyRouter.swift */; };
		365B1C4F29785A4900BFF05D /* AddCurrencyPresenter.swift in Sources */ = {isa = PBXBuildFile; fileRef = 365B1C4E29785A4900BFF05D /* AddCurrencyPresenter.swift */; };
		365B1C5129785A8D00BFF05D /* AddCurrencyInteractor.swift in Sources */ = {isa = PBXBuildFile; fileRef = 365B1C5029785A8D00BFF05D /* AddCurrencyInteractor.swift */; };
		365B1C5629787C4D00BFF05D /* CoreDataStack.swift in Sources */ = {isa = PBXBuildFile; fileRef = 365B1C5529787C4D00BFF05D /* CoreDataStack.swift */; };
		365B1C64297890F000BFF05D /* CurrencySymbolDTO.swift in Sources */ = {isa = PBXBuildFile; fileRef = 365B1C63297890F000BFF05D /* CurrencySymbolDTO.swift */; };
		365D4B94297EB050009AA7E7 /* CurrencyAPIMock.swift in Sources */ = {isa = PBXBuildFile; fileRef = 365D4B93297EB050009AA7E7 /* CurrencyAPIMock.swift */; };
		365D4B96297EB112009AA7E7 /* ReachabilityServiceMock.swift in Sources */ = {isa = PBXBuildFile; fileRef = 365D4B95297EB112009AA7E7 /* ReachabilityServiceMock.swift */; };
		365D4B98297EB199009AA7E7 /* CurrencyListPresenterMock.swift in Sources */ = {isa = PBXBuildFile; fileRef = 365D4B97297EB199009AA7E7 /* CurrencyListPresenterMock.swift */; };
		365D4B9D297EB7BA009AA7E7 /* CurrencyListProtocols.swift in Sources */ = {isa = PBXBuildFile; fileRef = 365D4B9C297EB7BA009AA7E7 /* CurrencyListProtocols.swift */; };
		365D4BA0297EC797009AA7E7 /* AddCurrencyProtocols.swift in Sources */ = {isa = PBXBuildFile; fileRef = 365D4B9F297EC797009AA7E7 /* AddCurrencyProtocols.swift */; };
		36889283297DC6C3002B6D2C /* CurrencyStoreService.swift in Sources */ = {isa = PBXBuildFile; fileRef = 36889282297DC6C3002B6D2C /* CurrencyStoreService.swift */; };
		36889285297DD4E8002B6D2C /* CurrencyStoreServiceTests.swift in Sources */ = {isa = PBXBuildFile; fileRef = 36889284297DD4E8002B6D2C /* CurrencyStoreServiceTests.swift */; };
		36889287297DDA39002B6D2C /* CoreDataStackMock.swift in Sources */ = {isa = PBXBuildFile; fileRef = 36889286297DDA39002B6D2C /* CoreDataStackMock.swift */; };
		36FE51CF297612D100EA246B /* AppDelegate.swift in Sources */ = {isa = PBXBuildFile; fileRef = 36FE51CE297612D100EA246B /* AppDelegate.swift */; };
		36FE51D9297612D100EA246B /* CurrencyRate.xcdatamodeld in Sources */ = {isa = PBXBuildFile; fileRef = 36FE51D7297612D100EA246B /* CurrencyRate.xcdatamodeld */; };
		36FE51DB297612D200EA246B /* Assets.xcassets in Resources */ = {isa = PBXBuildFile; fileRef = 36FE51DA297612D200EA246B /* Assets.xcassets */; };
		36FE51DE297612D200EA246B /* LaunchScreen.storyboard in Resources */ = {isa = PBXBuildFile; fileRef = 36FE51DC297612D200EA246B /* LaunchScreen.storyboard */; };
		36FE51E9297612D200EA246B /* CurrencyListInteractorTests.swift in Sources */ = {isa = PBXBuildFile; fileRef = 36FE51E8297612D200EA246B /* CurrencyListInteractorTests.swift */; };
		36FE521629761D3600EA246B /* CurrencyListViewController.swift in Sources */ = {isa = PBXBuildFile; fileRef = 36FE521529761D3600EA246B /* CurrencyListViewController.swift */; };
		36FE521A297621CA00EA246B /* CurrencyListRouter.swift in Sources */ = {isa = PBXBuildFile; fileRef = 36FE5219297621CA00EA246B /* CurrencyListRouter.swift */; };
		36FE521C2976226A00EA246B /* Constants.swift in Sources */ = {isa = PBXBuildFile; fileRef = 36FE521B2976226A00EA246B /* Constants.swift */; };
		36FE521E2976237B00EA246B /* CurrencyListPresenter.swift in Sources */ = {isa = PBXBuildFile; fileRef = 36FE521D2976237B00EA246B /* CurrencyListPresenter.swift */; };
		36FE52202976238B00EA246B /* CurrencyListInteractor.swift in Sources */ = {isa = PBXBuildFile; fileRef = 36FE521F2976238B00EA246B /* CurrencyListInteractor.swift */; };
		36FE5222297623F600EA246B /* CurrencyListCell.swift in Sources */ = {isa = PBXBuildFile; fileRef = 36FE5221297623F600EA246B /* CurrencyListCell.swift */; };
		36FE5229297624CD00EA246B /* CurrencyListEmptyView.swift in Sources */ = {isa = PBXBuildFile; fileRef = 36FE5228297624CD00EA246B /* CurrencyListEmptyView.swift */; };
		36FE522B297626AA00EA246B /* APIClient.swift in Sources */ = {isa = PBXBuildFile; fileRef = 36FE522A297626AA00EA246B /* APIClient.swift */; };
		36FE522E2976286E00EA246B /* CurrencyRateResponse.swift in Sources */ = {isa = PBXBuildFile; fileRef = 36FE522D2976286E00EA246B /* CurrencyRateResponse.swift */; };
		36FE52322976CC3200EA246B /* CurrencyAPI.swift in Sources */ = {isa = PBXBuildFile; fileRef = 36FE52312976CC3200EA246B /* CurrencyAPI.swift */; };
		36FE52342976EA4C00EA246B /* CurrencySymbolResponse.swift in Sources */ = {isa = PBXBuildFile; fileRef = 36FE52332976EA4C00EA246B /* CurrencySymbolResponse.swift */; };
		36FE52362977083C00EA246B /* CurrencyAPIClient.swift in Sources */ = {isa = PBXBuildFile; fileRef = 36FE52352977083C00EA246B /* CurrencyAPIClient.swift */; };
		36FE523829770A5600EA246B /* CurrencyPairDTO.swift in Sources */ = {isa = PBXBuildFile; fileRef = 36FE523729770A5600EA246B /* CurrencyPairDTO.swift */; };
		36FE524429774B3100EA246B /* Message.swift in Sources */ = {isa = PBXBuildFile; fileRef = 36FE524329774B3100EA246B /* Message.swift */; };
		36FE52462978104C00EA246B /* CustomColors.swift in Sources */ = {isa = PBXBuildFile; fileRef = 36FE52452978104C00EA246B /* CustomColors.swift */; };
		36FE52482978105600EA246B /* CustomImages.swift in Sources */ = {isa = PBXBuildFile; fileRef = 36FE52472978105600EA246B /* CustomImages.swift */; };
/* End PBXBuildFile section */

/* Begin PBXContainerItemProxy section */
		36FE51E5297612D200EA246B /* PBXContainerItemProxy */ = {
			isa = PBXContainerItemProxy;
			containerPortal = 36FE51C3297612D100EA246B /* Project object */;
			proxyType = 1;
			remoteGlobalIDString = 36FE51CA297612D100EA246B;
			remoteInfo = CurrencyRate;
		};
/* End PBXContainerItemProxy section */

/* Begin PBXFileReference section */
		363BC11F29799F7600406FB8 /* CurrencyListSectionView.swift */ = {isa = PBXFileReference; lastKnownFileType = sourcecode.swift; path = CurrencyListSectionView.swift; sourceTree = "<group>"; };
		363BC12A297AC70600406FB8 /* ReachabilityService.swift */ = {isa = PBXFileReference; lastKnownFileType = sourcecode.swift; path = ReachabilityService.swift; sourceTree = "<group>"; };
		363BC136297C7D7F00406FB8 /* ComponentPickerView.swift */ = {isa = PBXFileReference; lastKnownFileType = sourcecode.swift; path = ComponentPickerView.swift; sourceTree = "<group>"; };
		363BC138297C800F00406FB8 /* AddCurrencyView.swift */ = {isa = PBXFileReference; lastKnownFileType = sourcecode.swift; path = AddCurrencyView.swift; sourceTree = "<group>"; };
		365B1C482978576400BFF05D /* AddCurrencyViewController.swift */ = {isa = PBXFileReference; lastKnownFileType = sourcecode.swift; path = AddCurrencyViewController.swift; sourceTree = "<group>"; };
		365B1C4A2978579C00BFF05D /* AddCurrencyRouter.swift */ = {isa = PBXFileReference; lastKnownFileType = sourcecode.swift; path = AddCurrencyRouter.swift; sourceTree = "<group>"; };
		365B1C4E29785A4900BFF05D /* AddCurrencyPresenter.swift */ = {isa = PBXFileReference; lastKnownFileType = sourcecode.swift; path = AddCurrencyPresenter.swift; sourceTree = "<group>"; };
		365B1C5029785A8D00BFF05D /* AddCurrencyInteractor.swift */ = {isa = PBXFileReference; lastKnownFileType = sourcecode.swift; path = AddCurrencyInteractor.swift; sourceTree = "<group>"; };
		365B1C5529787C4D00BFF05D /* CoreDataStack.swift */ = {isa = PBXFileReference; lastKnownFileType = sourcecode.swift; path = CoreDataStack.swift; sourceTree = "<group>"; };
		365B1C63297890F000BFF05D /* CurrencySymbolDTO.swift */ = {isa = PBXFileReference; lastKnownFileType = sourcecode.swift; path = CurrencySymbolDTO.swift; sourceTree = "<group>"; };
		365D4B93297EB050009AA7E7 /* CurrencyAPIMock.swift */ = {isa = PBXFileReference; lastKnownFileType = sourcecode.swift; path = CurrencyAPIMock.swift; sourceTree = "<group>"; };
		365D4B95297EB112009AA7E7 /* ReachabilityServiceMock.swift */ = {isa = PBXFileReference; lastKnownFileType = sourcecode.swift; path = ReachabilityServiceMock.swift; sourceTree = "<group>"; };
		365D4B97297EB199009AA7E7 /* CurrencyListPresenterMock.swift */ = {isa = PBXFileReference; lastKnownFileType = sourcecode.swift; path = CurrencyListPresenterMock.swift; sourceTree = "<group>"; };
		365D4B9C297EB7BA009AA7E7 /* CurrencyListProtocols.swift */ = {isa = PBXFileReference; lastKnownFileType = sourcecode.swift; path = CurrencyListProtocols.swift; sourceTree = "<group>"; };
		365D4B9F297EC797009AA7E7 /* AddCurrencyProtocols.swift */ = {isa = PBXFileReference; lastKnownFileType = sourcecode.swift; path = AddCurrencyProtocols.swift; sourceTree = "<group>"; };
		36889282297DC6C3002B6D2C /* CurrencyStoreService.swift */ = {isa = PBXFileReference; lastKnownFileType = sourcecode.swift; path = CurrencyStoreService.swift; sourceTree = "<group>"; };
		36889284297DD4E8002B6D2C /* CurrencyStoreServiceTests.swift */ = {isa = PBXFileReference; lastKnownFileType = sourcecode.swift; path = CurrencyStoreServiceTests.swift; sourceTree = "<group>"; };
		36889286297DDA39002B6D2C /* CoreDataStackMock.swift */ = {isa = PBXFileReference; lastKnownFileType = sourcecode.swift; path = CoreDataStackMock.swift; sourceTree = "<group>"; };
		36FE51CB297612D100EA246B /* CurrencyRate.app */ = {isa = PBXFileReference; explicitFileType = wrapper.application; includeInIndex = 0; path = CurrencyRate.app; sourceTree = BUILT_PRODUCTS_DIR; };
		36FE51CE297612D100EA246B /* AppDelegate.swift */ = {isa = PBXFileReference; lastKnownFileType = sourcecode.swift; path = AppDelegate.swift; sourceTree = "<group>"; };
		36FE51D8297612D100EA246B /* CurrencyRate.xcdatamodel */ = {isa = PBXFileReference; lastKnownFileType = wrapper.xcdatamodel; path = CurrencyRate.xcdatamodel; sourceTree = "<group>"; };
		36FE51DA297612D200EA246B /* Assets.xcassets */ = {isa = PBXFileReference; lastKnownFileType = folder.assetcatalog; path = Assets.xcassets; sourceTree = "<group>"; };
		36FE51DD297612D200EA246B /* Base */ = {isa = PBXFileReference; lastKnownFileType = file.storyboard; name = Base; path = Base.lproj/LaunchScreen.storyboard; sourceTree = "<group>"; };
		36FE51DF297612D200EA246B /* Info.plist */ = {isa = PBXFileReference; lastKnownFileType = text.plist.xml; path = Info.plist; sourceTree = "<group>"; };
		36FE51E4297612D200EA246B /* CurrencyRateTests.xctest */ = {isa = PBXFileReference; explicitFileType = wrapper.cfbundle; includeInIndex = 0; path = CurrencyRateTests.xctest; sourceTree = BUILT_PRODUCTS_DIR; };
		36FE51E8297612D200EA246B /* CurrencyListInteractorTests.swift */ = {isa = PBXFileReference; lastKnownFileType = sourcecode.swift; path = CurrencyListInteractorTests.swift; sourceTree = "<group>"; };
		36FE521529761D3600EA246B /* CurrencyListViewController.swift */ = {isa = PBXFileReference; lastKnownFileType = sourcecode.swift; path = CurrencyListViewController.swift; sourceTree = "<group>"; };
		36FE5219297621CA00EA246B /* CurrencyListRouter.swift */ = {isa = PBXFileReference; lastKnownFileType = sourcecode.swift; path = CurrencyListRouter.swift; sourceTree = "<group>"; };
		36FE521B2976226A00EA246B /* Constants.swift */ = {isa = PBXFileReference; lastKnownFileType = sourcecode.swift; path = Constants.swift; sourceTree = "<group>"; };
		36FE521D2976237B00EA246B /* CurrencyListPresenter.swift */ = {isa = PBXFileReference; lastKnownFileType = sourcecode.swift; path = CurrencyListPresenter.swift; sourceTree = "<group>"; };
		36FE521F2976238B00EA246B /* CurrencyListInteractor.swift */ = {isa = PBXFileReference; lastKnownFileType = sourcecode.swift; path = CurrencyListInteractor.swift; sourceTree = "<group>"; };
		36FE5221297623F600EA246B /* CurrencyListCell.swift */ = {isa = PBXFileReference; lastKnownFileType = sourcecode.swift; path = CurrencyListCell.swift; sourceTree = "<group>"; };
		36FE5228297624CD00EA246B /* CurrencyListEmptyView.swift */ = {isa = PBXFileReference; lastKnownFileType = sourcecode.swift; path = CurrencyListEmptyView.swift; sourceTree = "<group>"; };
		36FE522A297626AA00EA246B /* APIClient.swift */ = {isa = PBXFileReference; lastKnownFileType = sourcecode.swift; path = APIClient.swift; sourceTree = "<group>"; };
		36FE522D2976286E00EA246B /* CurrencyRateResponse.swift */ = {isa = PBXFileReference; lastKnownFileType = sourcecode.swift; path = CurrencyRateResponse.swift; sourceTree = "<group>"; };
		36FE52312976CC3200EA246B /* CurrencyAPI.swift */ = {isa = PBXFileReference; lastKnownFileType = sourcecode.swift; path = CurrencyAPI.swift; sourceTree = "<group>"; };
		36FE52332976EA4C00EA246B /* CurrencySymbolResponse.swift */ = {isa = PBXFileReference; lastKnownFileType = sourcecode.swift; path = CurrencySymbolResponse.swift; sourceTree = "<group>"; };
		36FE52352977083C00EA246B /* CurrencyAPIClient.swift */ = {isa = PBXFileReference; lastKnownFileType = sourcecode.swift; path = CurrencyAPIClient.swift; sourceTree = "<group>"; };
		36FE523729770A5600EA246B /* CurrencyPairDTO.swift */ = {isa = PBXFileReference; lastKnownFileType = sourcecode.swift; path = CurrencyPairDTO.swift; sourceTree = "<group>"; };
		36FE524329774B3100EA246B /* Message.swift */ = {isa = PBXFileReference; lastKnownFileType = sourcecode.swift; path = Message.swift; sourceTree = "<group>"; };
		36FE52452978104C00EA246B /* CustomColors.swift */ = {isa = PBXFileReference; lastKnownFileType = sourcecode.swift; path = CustomColors.swift; sourceTree = "<group>"; };
		36FE52472978105600EA246B /* CustomImages.swift */ = {isa = PBXFileReference; lastKnownFileType = sourcecode.swift; path = CustomImages.swift; sourceTree = "<group>"; };
/* End PBXFileReference section */

/* Begin PBXFrameworksBuildPhase section */
		36FE51C8297612D100EA246B /* Frameworks */ = {
			isa = PBXFrameworksBuildPhase;
			buildActionMask = 2147483647;
			files = (
			);
			runOnlyForDeploymentPostprocessing = 0;
		};
		36FE51E1297612D200EA246B /* Frameworks */ = {
			isa = PBXFrameworksBuildPhase;
			buildActionMask = 2147483647;
			files = (
			);
			runOnlyForDeploymentPostprocessing = 0;
		};
/* End PBXFrameworksBuildPhase section */

/* Begin PBXGroup section */
		363BC129297AC6EC00406FB8 /* Reachability */ = {
			isa = PBXGroup;
			children = (
				363BC12A297AC70600406FB8 /* ReachabilityService.swift */,
			);
			path = Reachability;
			sourceTree = "<group>";
		};
		365D4B99297EB4D3009AA7E7 /* Entities */ = {
			isa = PBXGroup;
			children = (
				36FE524329774B3100EA246B /* Message.swift */,
			);
			path = Entities;
			sourceTree = "<group>";
		};
		365D4B9A297EB4E6009AA7E7 /* Style */ = {
			isa = PBXGroup;
			children = (
				36FE52472978105600EA246B /* CustomImages.swift */,
				36FE52452978104C00EA246B /* CustomColors.swift */,
			);
			path = Style;
			sourceTree = "<group>";
		};
		365D4B9B297EB53C009AA7E7 /* Protocols */ = {
			isa = PBXGroup;
			children = (
				365D4B9C297EB7BA009AA7E7 /* CurrencyListProtocols.swift */,
			);
			path = Protocols;
			sourceTree = "<group>";
		};
		365D4B9E297EC364009AA7E7 /* Protocols */ = {
			isa = PBXGroup;
			children = (
				365D4B9F297EC797009AA7E7 /* AddCurrencyProtocols.swift */,
			);
			path = Protocols;
			sourceTree = "<group>";
		};
		36889288297DDB02002B6D2C /* Helpers */ = {
			isa = PBXGroup;
			children = (
				365D4B97297EB199009AA7E7 /* CurrencyListPresenterMock.swift */,
				365D4B93297EB050009AA7E7 /* CurrencyAPIMock.swift */,
				365D4B95297EB112009AA7E7 /* ReachabilityServiceMock.swift */,
				36889286297DDA39002B6D2C /* CoreDataStackMock.swift */,
			);
			path = Helpers;
			sourceTree = "<group>";
		};
		36FE51C2297612D100EA246B = {
			isa = PBXGroup;
			children = (
				36FE51CD297612D100EA246B /* CurrencyRate */,
				36FE51E7297612D200EA246B /* CurrencyRateTests */,
				36FE51CC297612D100EA246B /* Products */,
			);
			sourceTree = "<group>";
		};
		36FE51CC297612D100EA246B /* Products */ = {
			isa = PBXGroup;
			children = (
				36FE51CB297612D100EA246B /* CurrencyRate.app */,
				36FE51E4297612D200EA246B /* CurrencyRateTests.xctest */,
			);
			name = Products;
			sourceTree = "<group>";
		};
		36FE51CD297612D100EA246B /* CurrencyRate */ = {
			isa = PBXGroup;
			children = (
				36FE524029772EEF00EA246B /* Modules */,
				36FE524229774B2000EA246B /* Common */,
				36FE520B2976143600EA246B /* Services */,
				36FE52132976153A00EA246B /* SupportingFiles */,
				36FE52142976156600EA246B /* Resources */,
			);
			path = CurrencyRate;
			sourceTree = "<group>";
		};
		36FE51E7297612D200EA246B /* CurrencyRateTests */ = {
			isa = PBXGroup;
			children = (
				36FE51E8297612D200EA246B /* CurrencyListInteractorTests.swift */,
				36889284297DD4E8002B6D2C /* CurrencyStoreServiceTests.swift */,
				36889288297DDB02002B6D2C /* Helpers */,
			);
			path = CurrencyRateTests;
			sourceTree = "<group>";
		};
		36FE52012976132900EA246B /* CurrencyList */ = {
			isa = PBXGroup;
			children = (
				365D4B9B297EB53C009AA7E7 /* Protocols */,
				36FE520F2976147800EA246B /* Router */,
				36FE52102976148400EA246B /* View */,
				36FE520C2976145700EA246B /* Presenter */,
				36FE520D2976145D00EA246B /* Interactor */,
				36FE522C2976282600EA246B /* Entities */,
			);
			path = CurrencyList;
			sourceTree = "<group>";
		};
		36FE52022976133900EA246B /* AddCurrency */ = {
			isa = PBXGroup;
			children = (
				365D4B9E297EC364009AA7E7 /* Protocols */,
				36FE5207297613DA00EA246B /* Router */,
				36FE5208297613E100EA246B /* View */,
				36FE5205297613CD00EA246B /* Presenter */,
				36FE5206297613D400EA246B /* Interactor */,
			);
			path = AddCurrency;
			sourceTree = "<group>";
		};
		36FE5205297613CD00EA246B /* Presenter */ = {
			isa = PBXGroup;
			children = (
				365B1C4E29785A4900BFF05D /* AddCurrencyPresenter.swift */,
			);
			path = Presenter;
			sourceTree = "<group>";
		};
		36FE5206297613D400EA246B /* Interactor */ = {
			isa = PBXGroup;
			children = (
				365B1C5029785A8D00BFF05D /* AddCurrencyInteractor.swift */,
			);
			path = Interactor;
			sourceTree = "<group>";
		};
		36FE5207297613DA00EA246B /* Router */ = {
			isa = PBXGroup;
			children = (
				365B1C4A2978579C00BFF05D /* AddCurrencyRouter.swift */,
			);
			path = Router;
			sourceTree = "<group>";
		};
		36FE5208297613E100EA246B /* View */ = {
			isa = PBXGroup;
			children = (
				365B1C482978576400BFF05D /* AddCurrencyViewController.swift */,
				363BC138297C800F00406FB8 /* AddCurrencyView.swift */,
				363BC136297C7D7F00406FB8 /* ComponentPickerView.swift */,
			);
			path = View;
			sourceTree = "<group>";
		};
		36FE520B2976143600EA246B /* Services */ = {
			isa = PBXGroup;
			children = (
				363BC129297AC6EC00406FB8 /* Reachability */,
				36FE5212297614B000EA246B /* Remote */,
				36FE5211297614AB00EA246B /* Store */,
			);
			path = Services;
			sourceTree = "<group>";
		};
		36FE520C2976145700EA246B /* Presenter */ = {
			isa = PBXGroup;
			children = (
				36FE521D2976237B00EA246B /* CurrencyListPresenter.swift */,
			);
			path = Presenter;
			sourceTree = "<group>";
		};
		36FE520D2976145D00EA246B /* Interactor */ = {
			isa = PBXGroup;
			children = (
				36FE521F2976238B00EA246B /* CurrencyListInteractor.swift */,
			);
			path = Interactor;
			sourceTree = "<group>";
		};
		36FE520F2976147800EA246B /* Router */ = {
			isa = PBXGroup;
			children = (
				36FE5219297621CA00EA246B /* CurrencyListRouter.swift */,
			);
			path = Router;
			sourceTree = "<group>";
		};
		36FE52102976148400EA246B /* View */ = {
			isa = PBXGroup;
			children = (
				36FE521529761D3600EA246B /* CurrencyListViewController.swift */,
				36FE5228297624CD00EA246B /* CurrencyListEmptyView.swift */,
				363BC11F29799F7600406FB8 /* CurrencyListSectionView.swift */,
				36FE5221297623F600EA246B /* CurrencyListCell.swift */,
			);
			path = View;
			sourceTree = "<group>";
		};
		36FE5211297614AB00EA246B /* Store */ = {
			isa = PBXGroup;
			children = (
				36889282297DC6C3002B6D2C /* CurrencyStoreService.swift */,
				365B1C5529787C4D00BFF05D /* CoreDataStack.swift */,
			);
			path = Store;
			sourceTree = "<group>";
		};
		36FE5212297614B000EA246B /* Remote */ = {
			isa = PBXGroup;
			children = (
				36FE522A297626AA00EA246B /* APIClient.swift */,
				36FE52312976CC3200EA246B /* CurrencyAPI.swift */,
				36FE52352977083C00EA246B /* CurrencyAPIClient.swift */,
			);
			path = Remote;
			sourceTree = "<group>";
		};
		36FE52132976153A00EA246B /* SupportingFiles */ = {
			isa = PBXGroup;
			children = (
				36FE51CE297612D100EA246B /* AppDelegate.swift */,
				36FE51DC297612D200EA246B /* LaunchScreen.storyboard */,
				36FE51DF297612D200EA246B /* Info.plist */,
				36FE51D7297612D100EA246B /* CurrencyRate.xcdatamodeld */,
			);
			path = SupportingFiles;
			sourceTree = "<group>";
		};
		36FE52142976156600EA246B /* Resources */ = {
			isa = PBXGroup;
			children = (
				36FE51DA297612D200EA246B /* Assets.xcassets */,
			);
			path = Resources;
			sourceTree = "<group>";
		};
		36FE522C2976282600EA246B /* Entities */ = {
			isa = PBXGroup;
			children = (
				36FE522D2976286E00EA246B /* CurrencyRateResponse.swift */,
				36FE52332976EA4C00EA246B /* CurrencySymbolResponse.swift */,
				36FE523729770A5600EA246B /* CurrencyPairDTO.swift */,
				365B1C63297890F000BFF05D /* CurrencySymbolDTO.swift */,
			);
			path = Entities;
			sourceTree = "<group>";
		};
		36FE524029772EEF00EA246B /* Modules */ = {
			isa = PBXGroup;
			children = (
				36FE52012976132900EA246B /* CurrencyList */,
				36FE52022976133900EA246B /* AddCurrency */,
			);
			path = Modules;
			sourceTree = "<group>";
		};
		36FE524229774B2000EA246B /* Common */ = {
			isa = PBXGroup;
			children = (
				365D4B9A297EB4E6009AA7E7 /* Style */,
				365D4B99297EB4D3009AA7E7 /* Entities */,
				36FE521B2976226A00EA246B /* Constants.swift */,
			);
			path = Common;
			sourceTree = "<group>";
		};
/* End PBXGroup section */

/* Begin PBXNativeTarget section */
		36FE51CA297612D100EA246B /* CurrencyRate */ = {
			isa = PBXNativeTarget;
			buildConfigurationList = 36FE51F8297612D200EA246B /* Build configuration list for PBXNativeTarget "CurrencyRate" */;
			buildPhases = (
				36FE51C7297612D100EA246B /* Sources */,
				36FE51C8297612D100EA246B /* Frameworks */,
				36FE51C9297612D100EA246B /* Resources */,
			);
			buildRules = (
			);
			dependencies = (
			);
			name = CurrencyRate;
			productName = CurrencyRate;
			productReference = 36FE51CB297612D100EA246B /* CurrencyRate.app */;
			productType = "com.apple.product-type.application";
		};
		36FE51E3297612D200EA246B /* CurrencyRateTests */ = {
			isa = PBXNativeTarget;
			buildConfigurationList = 36FE51FB297612D200EA246B /* Build configuration list for PBXNativeTarget "CurrencyRateTests" */;
			buildPhases = (
				36FE51E0297612D200EA246B /* Sources */,
				36FE51E1297612D200EA246B /* Frameworks */,
				36FE51E2297612D200EA246B /* Resources */,
			);
			buildRules = (
			);
			dependencies = (
				36FE51E6297612D200EA246B /* PBXTargetDependency */,
			);
			name = CurrencyRateTests;
			productName = CurrencyRateTests;
			productReference = 36FE51E4297612D200EA246B /* CurrencyRateTests.xctest */;
			productType = "com.apple.product-type.bundle.unit-test";
		};
/* End PBXNativeTarget section */

/* Begin PBXProject section */
		36FE51C3297612D100EA246B /* Project object */ = {
			isa = PBXProject;
			attributes = {
				BuildIndependentTargetsInParallel = 1;
				LastSwiftUpdateCheck = 1330;
				LastUpgradeCheck = 1330;
				TargetAttributes = {
					36FE51CA297612D100EA246B = {
						CreatedOnToolsVersion = 13.3.1;
					};
					36FE51E3297612D200EA246B = {
						CreatedOnToolsVersion = 13.3.1;
						TestTargetID = 36FE51CA297612D100EA246B;
					};
				};
			};
			buildConfigurationList = 36FE51C6297612D100EA246B /* Build configuration list for PBXProject "CurrencyRate" */;
			compatibilityVersion = "Xcode 13.0";
			developmentRegion = en;
			hasScannedForEncodings = 0;
			knownRegions = (
				en,
				Base,
			);
			mainGroup = 36FE51C2297612D100EA246B;
			productRefGroup = 36FE51CC297612D100EA246B /* Products */;
			projectDirPath = "";
			projectRoot = "";
			targets = (
				36FE51CA297612D100EA246B /* CurrencyRate */,
				36FE51E3297612D200EA246B /* CurrencyRateTests */,
			);
		};
/* End PBXProject section */

/* Begin PBXResourcesBuildPhase section */
		36FE51C9297612D100EA246B /* Resources */ = {
			isa = PBXResourcesBuildPhase;
			buildActionMask = 2147483647;
			files = (
				36FE51DE297612D200EA246B /* LaunchScreen.storyboard in Resources */,
				36FE51DB297612D200EA246B /* Assets.xcassets in Resources */,
			);
			runOnlyForDeploymentPostprocessing = 0;
		};
		36FE51E2297612D200EA246B /* Resources */ = {
			isa = PBXResourcesBuildPhase;
			buildActionMask = 2147483647;
			files = (
			);
			runOnlyForDeploymentPostprocessing = 0;
		};
/* End PBXResourcesBuildPhase section */

/* Begin PBXSourcesBuildPhase section */
		36FE51C7297612D100EA246B /* Sources */ = {
			isa = PBXSourcesBuildPhase;
			buildActionMask = 2147483647;
			files = (
				36FE52342976EA4C00EA246B /* CurrencySymbolResponse.swift in Sources */,
				365B1C64297890F000BFF05D /* CurrencySymbolDTO.swift in Sources */,
				365B1C4F29785A4900BFF05D /* AddCurrencyPresenter.swift in Sources */,
				36FE51D9297612D100EA246B /* CurrencyRate.xcdatamodeld in Sources */,
				365B1C492978576400BFF05D /* AddCurrencyViewController.swift in Sources */,
				36FE522E2976286E00EA246B /* CurrencyRateResponse.swift in Sources */,
				36FE51CF297612D100EA246B /* AppDelegate.swift in Sources */,
				36FE52362977083C00EA246B /* CurrencyAPIClient.swift in Sources */,
				36FE521E2976237B00EA246B /* CurrencyListPresenter.swift in Sources */,
				36FE5229297624CD00EA246B /* CurrencyListEmptyView.swift in Sources */,
				36FE5222297623F600EA246B /* CurrencyListCell.swift in Sources */,
				363BC137297C7D7F00406FB8 /* ComponentPickerView.swift in Sources */,
				36889283297DC6C3002B6D2C /* CurrencyStoreService.swift in Sources */,
				36FE521A297621CA00EA246B /* CurrencyListRouter.swift in Sources */,
				36FE52202976238B00EA246B /* CurrencyListInteractor.swift in Sources */,
				363BC12B297AC70600406FB8 /* ReachabilityService.swift in Sources */,
				36FE52462978104C00EA246B /* CustomColors.swift in Sources */,
				36FE521629761D3600EA246B /* CurrencyListViewController.swift in Sources */,
				365D4B9D297EB7BA009AA7E7 /* CurrencyListProtocols.swift in Sources */,
				36FE524429774B3100EA246B /* Message.swift in Sources */,
				36FE521C2976226A00EA246B /* Constants.swift in Sources */,
				365B1C5629787C4D00BFF05D /* CoreDataStack.swift in Sources */,
				36FE523829770A5600EA246B /* CurrencyPairDTO.swift in Sources */,
				36FE52482978105600EA246B /* CustomImages.swift in Sources */,
				365B1C4B2978579C00BFF05D /* AddCurrencyRouter.swift in Sources */,
				36FE522B297626AA00EA246B /* APIClient.swift in Sources */,
				363BC12029799F7600406FB8 /* CurrencyListSectionView.swift in Sources */,
				36FE52322976CC3200EA246B /* CurrencyAPI.swift in Sources */,
				365B1C5129785A8D00BFF05D /* AddCurrencyInteractor.swift in Sources */,
				365D4BA0297EC797009AA7E7 /* AddCurrencyProtocols.swift in Sources */,
				363BC139297C800F00406FB8 /* AddCurrencyView.swift in Sources */,
			);
			runOnlyForDeploymentPostprocessing = 0;
		};
		36FE51E0297612D200EA246B /* Sources */ = {
			isa = PBXSourcesBuildPhase;
			buildActionMask = 2147483647;
			files = (
				365D4B96297EB112009AA7E7 /* ReachabilityServiceMock.swift in Sources */,
				36889285297DD4E8002B6D2C /* CurrencyStoreServiceTests.swift in Sources */,
				36FE51E9297612D200EA246B /* CurrencyListInteractorTests.swift in Sources */,
				36889287297DDA39002B6D2C /* CoreDataStackMock.swift in Sources */,
				365D4B94297EB050009AA7E7 /* CurrencyAPIMock.swift in Sources */,
				365D4B98297EB199009AA7E7 /* CurrencyListPresenterMock.swift in Sources */,
			);
			runOnlyForDeploymentPostprocessing = 0;
		};
/* End PBXSourcesBuildPhase section */

/* Begin PBXTargetDependency section */
		36FE51E6297612D200EA246B /* PBXTargetDependency */ = {
			isa = PBXTargetDependency;
			target = 36FE51CA297612D100EA246B /* CurrencyRate */;
			targetProxy = 36FE51E5297612D200EA246B /* PBXContainerItemProxy */;
		};
/* End PBXTargetDependency section */

/* Begin PBXVariantGroup section */
		36FE51DC297612D200EA246B /* LaunchScreen.storyboard */ = {
			isa = PBXVariantGroup;
			children = (
				36FE51DD297612D200EA246B /* Base */,
			);
			name = LaunchScreen.storyboard;
			sourceTree = "<group>";
		};
/* End PBXVariantGroup section */

/* Begin XCBuildConfiguration section */
		36FE51F6297612D200EA246B /* Debug */ = {
			isa = XCBuildConfiguration;
			buildSettings = {
				ALWAYS_SEARCH_USER_PATHS = NO;
				CLANG_ANALYZER_NONNULL = YES;
				CLANG_ANALYZER_NUMBER_OBJECT_CONVERSION = YES_AGGRESSIVE;
				CLANG_CXX_LANGUAGE_STANDARD = "gnu++17";
				CLANG_ENABLE_MODULES = YES;
				CLANG_ENABLE_OBJC_ARC = YES;
				CLANG_ENABLE_OBJC_WEAK = YES;
				CLANG_WARN_BLOCK_CAPTURE_AUTORELEASING = YES;
				CLANG_WARN_BOOL_CONVERSION = YES;
				CLANG_WARN_COMMA = YES;
				CLANG_WARN_CONSTANT_CONVERSION = YES;
				CLANG_WARN_DEPRECATED_OBJC_IMPLEMENTATIONS = YES;
				CLANG_WARN_DIRECT_OBJC_ISA_USAGE = YES_ERROR;
				CLANG_WARN_DOCUMENTATION_COMMENTS = YES;
				CLANG_WARN_EMPTY_BODY = YES;
				CLANG_WARN_ENUM_CONVERSION = YES;
				CLANG_WARN_INFINITE_RECURSION = YES;
				CLANG_WARN_INT_CONVERSION = YES;
				CLANG_WARN_NON_LITERAL_NULL_CONVERSION = YES;
				CLANG_WARN_OBJC_IMPLICIT_RETAIN_SELF = YES;
				CLANG_WARN_OBJC_LITERAL_CONVERSION = YES;
				CLANG_WARN_OBJC_ROOT_CLASS = YES_ERROR;
				CLANG_WARN_QUOTED_INCLUDE_IN_FRAMEWORK_HEADER = YES;
				CLANG_WARN_RANGE_LOOP_ANALYSIS = YES;
				CLANG_WARN_STRICT_PROTOTYPES = YES;
				CLANG_WARN_SUSPICIOUS_MOVE = YES;
				CLANG_WARN_UNGUARDED_AVAILABILITY = YES_AGGRESSIVE;
				CLANG_WARN_UNREACHABLE_CODE = YES;
				CLANG_WARN__DUPLICATE_METHOD_MATCH = YES;
				COPY_PHASE_STRIP = NO;
				DEBUG_INFORMATION_FORMAT = dwarf;
				ENABLE_STRICT_OBJC_MSGSEND = YES;
				ENABLE_TESTABILITY = YES;
				GCC_C_LANGUAGE_STANDARD = gnu11;
				GCC_DYNAMIC_NO_PIC = NO;
				GCC_NO_COMMON_BLOCKS = YES;
				GCC_OPTIMIZATION_LEVEL = 0;
				GCC_PREPROCESSOR_DEFINITIONS = (
					"DEBUG=1",
					"$(inherited)",
				);
				GCC_WARN_64_TO_32_BIT_CONVERSION = YES;
				GCC_WARN_ABOUT_RETURN_TYPE = YES_ERROR;
				GCC_WARN_UNDECLARED_SELECTOR = YES;
				GCC_WARN_UNINITIALIZED_AUTOS = YES_AGGRESSIVE;
				GCC_WARN_UNUSED_FUNCTION = YES;
				GCC_WARN_UNUSED_VARIABLE = YES;
				IPHONEOS_DEPLOYMENT_TARGET = 15.4;
				MTL_ENABLE_DEBUG_INFO = INCLUDE_SOURCE;
				MTL_FAST_MATH = YES;
				ONLY_ACTIVE_ARCH = YES;
				SDKROOT = iphoneos;
				SWIFT_ACTIVE_COMPILATION_CONDITIONS = DEBUG;
				SWIFT_OPTIMIZATION_LEVEL = "-Onone";
			};
			name = Debug;
		};
		36FE51F7297612D200EA246B /* Release */ = {
			isa = XCBuildConfiguration;
			buildSettings = {
				ALWAYS_SEARCH_USER_PATHS = NO;
				CLANG_ANALYZER_NONNULL = YES;
				CLANG_ANALYZER_NUMBER_OBJECT_CONVERSION = YES_AGGRESSIVE;
				CLANG_CXX_LANGUAGE_STANDARD = "gnu++17";
				CLANG_ENABLE_MODULES = YES;
				CLANG_ENABLE_OBJC_ARC = YES;
				CLANG_ENABLE_OBJC_WEAK = YES;
				CLANG_WARN_BLOCK_CAPTURE_AUTORELEASING = YES;
				CLANG_WARN_BOOL_CONVERSION = YES;
				CLANG_WARN_COMMA = YES;
				CLANG_WARN_CONSTANT_CONVERSION = YES;
				CLANG_WARN_DEPRECATED_OBJC_IMPLEMENTATIONS = YES;
				CLANG_WARN_DIRECT_OBJC_ISA_USAGE = YES_ERROR;
				CLANG_WARN_DOCUMENTATION_COMMENTS = YES;
				CLANG_WARN_EMPTY_BODY = YES;
				CLANG_WARN_ENUM_CONVERSION = YES;
				CLANG_WARN_INFINITE_RECURSION = YES;
				CLANG_WARN_INT_CONVERSION = YES;
				CLANG_WARN_NON_LITERAL_NULL_CONVERSION = YES;
				CLANG_WARN_OBJC_IMPLICIT_RETAIN_SELF = YES;
				CLANG_WARN_OBJC_LITERAL_CONVERSION = YES;
				CLANG_WARN_OBJC_ROOT_CLASS = YES_ERROR;
				CLANG_WARN_QUOTED_INCLUDE_IN_FRAMEWORK_HEADER = YES;
				CLANG_WARN_RANGE_LOOP_ANALYSIS = YES;
				CLANG_WARN_STRICT_PROTOTYPES = YES;
				CLANG_WARN_SUSPICIOUS_MOVE = YES;
				CLANG_WARN_UNGUARDED_AVAILABILITY = YES_AGGRESSIVE;
				CLANG_WARN_UNREACHABLE_CODE = YES;
				CLANG_WARN__DUPLICATE_METHOD_MATCH = YES;
				COPY_PHASE_STRIP = NO;
				DEBUG_INFORMATION_FORMAT = "dwarf-with-dsym";
				ENABLE_NS_ASSERTIONS = NO;
				ENABLE_STRICT_OBJC_MSGSEND = YES;
				GCC_C_LANGUAGE_STANDARD = gnu11;
				GCC_NO_COMMON_BLOCKS = YES;
				GCC_WARN_64_TO_32_BIT_CONVERSION = YES;
				GCC_WARN_ABOUT_RETURN_TYPE = YES_ERROR;
				GCC_WARN_UNDECLARED_SELECTOR = YES;
				GCC_WARN_UNINITIALIZED_AUTOS = YES_AGGRESSIVE;
				GCC_WARN_UNUSED_FUNCTION = YES;
				GCC_WARN_UNUSED_VARIABLE = YES;
				IPHONEOS_DEPLOYMENT_TARGET = 15.4;
				MTL_ENABLE_DEBUG_INFO = NO;
				MTL_FAST_MATH = YES;
				SDKROOT = iphoneos;
				SWIFT_COMPILATION_MODE = wholemodule;
				SWIFT_OPTIMIZATION_LEVEL = "-O";
				VALIDATE_PRODUCT = YES;
			};
			name = Release;
		};
		36FE51F9297612D200EA246B /* Debug */ = {
			isa = XCBuildConfiguration;
			buildSettings = {
				ASSETCATALOG_COMPILER_APPICON_NAME = AppIcon;
				ASSETCATALOG_COMPILER_GLOBAL_ACCENT_COLOR_NAME = AccentColor;
				CODE_SIGN_STYLE = Automatic;
				CURRENT_PROJECT_VERSION = 1;
				DEVELOPMENT_TEAM = D25NK8Q6YP;
				GENERATE_INFOPLIST_FILE = YES;
				INFOPLIST_FILE = CurrencyRate/Info.plist;
				INFOPLIST_KEY_UIApplicationSupportsIndirectInputEvents = YES;
				INFOPLIST_KEY_UILaunchStoryboardName = LaunchScreen;
				INFOPLIST_KEY_UISupportedInterfaceOrientations = UIInterfaceOrientationPortrait;
				INFOPLIST_KEY_UISupportedInterfaceOrientations_iPad = "UIInterfaceOrientationPortrait UIInterfaceOrientationPortraitUpsideDown UIInterfaceOrientationLandscapeLeft UIInterfaceOrientationLandscapeRight";
				INFOPLIST_KEY_UISupportedInterfaceOrientations_iPhone = "UIInterfaceOrientationPortrait UIInterfaceOrientationLandscapeLeft UIInterfaceOrientationLandscapeRight";
				IPHONEOS_DEPLOYMENT_TARGET = 15.0;
				LD_RUNPATH_SEARCH_PATHS = (
					"$(inherited)",
					"@executable_path/Frameworks",
				);
				MARKETING_VERSION = 1.0;
				PRODUCT_BUNDLE_IDENTIFIER = bogart.CurrencyRate;
				PRODUCT_NAME = "$(TARGET_NAME)";
				SWIFT_EMIT_LOC_STRINGS = YES;
				SWIFT_VERSION = 5.0;
				TARGETED_DEVICE_FAMILY = 1;
			};
			name = Debug;
		};
		36FE51FA297612D200EA246B /* Release */ = {
			isa = XCBuildConfiguration;
			buildSettings = {
				ASSETCATALOG_COMPILER_APPICON_NAME = AppIcon;
				ASSETCATALOG_COMPILER_GLOBAL_ACCENT_COLOR_NAME = AccentColor;
				CODE_SIGN_STYLE = Automatic;
				CURRENT_PROJECT_VERSION = 1;
				DEVELOPMENT_TEAM = D25NK8Q6YP;
				GENERATE_INFOPLIST_FILE = YES;
				INFOPLIST_FILE = CurrencyRate/Info.plist;
				INFOPLIST_KEY_UIApplicationSupportsIndirectInputEvents = YES;
				INFOPLIST_KEY_UILaunchStoryboardName = LaunchScreen;
				INFOPLIST_KEY_UISupportedInterfaceOrientations = UIInterfaceOrientationPortrait;
				INFOPLIST_KEY_UISupportedInterfaceOrientations_iPad = "UIInterfaceOrientationPortrait UIInterfaceOrientationPortraitUpsideDown UIInterfaceOrientationLandscapeLeft UIInterfaceOrientationLandscapeRight";
				INFOPLIST_KEY_UISupportedInterfaceOrientations_iPhone = "UIInterfaceOrientationPortrait UIInterfaceOrientationLandscapeLeft UIInterfaceOrientationLandscapeRight";
				IPHONEOS_DEPLOYMENT_TARGET = 15.0;
				LD_RUNPATH_SEARCH_PATHS = (
					"$(inherited)",
					"@executable_path/Frameworks",
				);
				MARKETING_VERSION = 1.0;
				PRODUCT_BUNDLE_IDENTIFIER = bogart.CurrencyRate;
				PRODUCT_NAME = "$(TARGET_NAME)";
				SWIFT_EMIT_LOC_STRINGS = YES;
				SWIFT_VERSION = 5.0;
				TARGETED_DEVICE_FAMILY = 1;
			};
			name = Release;
		};
		36FE51FC297612D200EA246B /* Debug */ = {
			isa = XCBuildConfiguration;
			buildSettings = {
				ALWAYS_EMBED_SWIFT_STANDARD_LIBRARIES = YES;
				BUNDLE_LOADER = "$(TEST_HOST)";
				CODE_SIGN_STYLE = Automatic;
				CURRENT_PROJECT_VERSION = 1;
				DEVELOPMENT_TEAM = D25NK8Q6YP;
				GENERATE_INFOPLIST_FILE = YES;
				IPHONEOS_DEPLOYMENT_TARGET = 15.4;
				MARKETING_VERSION = 1.0;
				PRODUCT_BUNDLE_IDENTIFIER = bogart.CurrencyRateTests;
				PRODUCT_NAME = "$(TARGET_NAME)";
				SWIFT_EMIT_LOC_STRINGS = NO;
				SWIFT_VERSION = 5.0;
				TARGETED_DEVICE_FAMILY = "1,2";
				TEST_HOST = "$(BUILT_PRODUCTS_DIR)/CurrencyRate.app/CurrencyRate";
			};
			name = Debug;
		};
		36FE51FD297612D200EA246B /* Release */ = {
			isa = XCBuildConfiguration;
			buildSettings = {
				ALWAYS_EMBED_SWIFT_STANDARD_LIBRARIES = YES;
				BUNDLE_LOADER = "$(TEST_HOST)";
				CODE_SIGN_STYLE = Automatic;
				CURRENT_PROJECT_VERSION = 1;
				DEVELOPMENT_TEAM = D25NK8Q6YP;
				GENERATE_INFOPLIST_FILE = YES;
				IPHONEOS_DEPLOYMENT_TARGET = 15.4;
				MARKETING_VERSION = 1.0;
				PRODUCT_BUNDLE_IDENTIFIER = bogart.CurrencyRateTests;
				PRODUCT_NAME = "$(TARGET_NAME)";
				SWIFT_EMIT_LOC_STRINGS = NO;
				SWIFT_VERSION = 5.0;
				TARGETED_DEVICE_FAMILY = "1,2";
				TEST_HOST = "$(BUILT_PRODUCTS_DIR)/CurrencyRate.app/CurrencyRate";
			};
			name = Release;
		};
/* End XCBuildConfiguration section */

/* Begin XCConfigurationList section */
		36FE51C6297612D100EA246B /* Build configuration list for PBXProject "CurrencyRate" */ = {
			isa = XCConfigurationList;
			buildConfigurations = (
				36FE51F6297612D200EA246B /* Debug */,
				36FE51F7297612D200EA246B /* Release */,
			);
			defaultConfigurationIsVisible = 0;
			defaultConfigurationName = Release;
		};
		36FE51F8297612D200EA246B /* Build configuration list for PBXNativeTarget "CurrencyRate" */ = {
			isa = XCConfigurationList;
			buildConfigurations = (
				36FE51F9297612D200EA246B /* Debug */,
				36FE51FA297612D200EA246B /* Release */,
			);
			defaultConfigurationIsVisible = 0;
			defaultConfigurationName = Release;
		};
		36FE51FB297612D200EA246B /* Build configuration list for PBXNativeTarget "CurrencyRateTests" */ = {
			isa = XCConfigurationList;
			buildConfigurations = (
				36FE51FC297612D200EA246B /* Debug */,
				36FE51FD297612D200EA246B /* Release */,
			);
			defaultConfigurationIsVisible = 0;
			defaultConfigurationName = Release;
		};
/* End XCConfigurationList section */

/* Begin XCVersionGroup section */
		36FE51D7297612D100EA246B /* CurrencyRate.xcdatamodeld */ = {
			isa = XCVersionGroup;
			children = (
				36FE51D8297612D100EA246B /* CurrencyRate.xcdatamodel */,
			);
			currentVersion = 36FE51D8297612D100EA246B /* CurrencyRate.xcdatamodel */;
			path = CurrencyRate.xcdatamodeld;
			sourceTree = "<group>";
			versionGroupType = wrapper.xcdatamodel;
		};
/* End XCVersionGroup section */
	};
	rootObject = 36FE51C3297612D100EA246B /* Project object */;
}
